
Microsoft Visual Studio Solution File, Format Version 12.00
# Visual Studio Version 16
VisualStudioVersion = 25.0.1704.2
MinimumVisualStudioVersion = 10.0.40219.1
Project("{FAE04EC0-301F-11D3-BF4B-00C04F79EFBC}") = "MVC-Website", "MVC-Website\MVC-Website.csproj", "{9AB48C8A-441B-437F-A9C4-D13FBD973D8A}"
EndProject
Global
	GlobalSection(SolutionConfigurationPlatforms) = preSolution
		Debug|Any CPU = Debug|Any CPU
		Release|Any CPU = Release|Any CPU
	EndGlobalSection
	GlobalSection(ProjectConfigurationPlatforms) = postSolution
		{9AB48C8A-441B-437F-A9C4-D13FBD973D8A}.Debug|Any CPU.ActiveCfg = Debug|Any CPU
		{9AB48C8A-441B-437F-A9C4-D13FBD973D8A}.Debug|Any CPU.Build.0 = Debug|Any CPU
		{9AB48C8A-441B-437F-A9C4-D13FBD973D8A}.Release|Any CPU.ActiveCfg = Release|Any CPU
		{9AB48C8A-441B-437F-A9C4-D13FBD973D8A}.Release|Any CPU.Build.0 = Release|Any CPU
	EndGlobalSection
	GlobalSection(SolutionProperties) = preSolution
		HideSolutionNode = FALSE
	EndGlobalSection
	GlobalSection(ExtensibilityGlobals) = postSolution
		SolutionGuid = {99328A78-1C5D-4D3B-B6BE-DA474F6AAEB5}
	EndGlobalSection
EndGlobal
